
Microsoft Visual Studio Solution File, Format Version 12.00
# Visual Studio Version 17
VisualStudioVersion = 17.9.34728.123
MinimumVisualStudioVersion = 10.0.40219.1
Project("{FAE04EC0-301F-11D3-BF4B-00C04F79EFBC}") = "WepAPI_parceiro", "WepAPI_parceiro\WepAPI_parceiro.csproj", "{BEFEFDBE-E15B-41ED-87F8-1A98BAF20CB0}"
EndProject
Global
	GlobalSection(SolutionConfigurationPlatforms) = preSolution
		Debug|Any CPU = Debug|Any CPU
		Release|Any CPU = Release|Any CPU
	EndGlobalSection
	GlobalSection(ProjectConfigurationPlatforms) = postSolution
		{BEFEFDBE-E15B-41ED-87F8-1A98BAF20CB0}.Debug|Any CPU.ActiveCfg = Debug|Any CPU
		{BEFEFDBE-E15B-41ED-87F8-1A98BAF20CB0}.Debug|Any CPU.Build.0 = Debug|Any CPU
		{BEFEFDBE-E15B-41ED-87F8-1A98BAF20CB0}.Release|Any CPU.ActiveCfg = Release|Any CPU
		{BEFEFDBE-E15B-41ED-87F8-1A98BAF20CB0}.Release|Any CPU.Build.0 = Release|Any CPU
	EndGlobalSection
	GlobalSection(SolutionProperties) = preSolution
		HideSolutionNode = FALSE
	EndGlobalSection
	GlobalSection(ExtensibilityGlobals) = postSolution
		SolutionGuid = {1203F317-001D-49EB-BB5A-F5292781930A}
	EndGlobalSection
EndGlobal
